// !$*UTF8*$!
{
	archiveVersion = 1;
	classes = {
	};
	objectVersion = 50;
	objects = {

/* Begin PBXBuildFile section */
		3916F49E2580B0DB00321003 /* AppDelegate.swift in Sources */ = {isa = PBXBuildFile; fileRef = 3916F49D2580B0DB00321003 /* AppDelegate.swift */; };
		3916F4A02580B0DB00321003 /* SceneDelegate.swift in Sources */ = {isa = PBXBuildFile; fileRef = 3916F49F2580B0DB00321003 /* SceneDelegate.swift */; };
		3916F4A22580B0DB00321003 /* ViewController.swift in Sources */ = {isa = PBXBuildFile; fileRef = 3916F4A12580B0DB00321003 /* ViewController.swift */; };
		3916F4A52580B0DB00321003 /* Main.storyboard in Resources */ = {isa = PBXBuildFile; fileRef = 3916F4A32580B0DB00321003 /* Main.storyboard */; };
		3916F4A72580B0DE00321003 /* Assets.xcassets in Resources */ = {isa = PBXBuildFile; fileRef = 3916F4A62580B0DE00321003 /* Assets.xcassets */; };
		3916F4AA2580B0DE00321003 /* LaunchScreen.storyboard in Resources */ = {isa = PBXBuildFile; fileRef = 3916F4A82580B0DE00321003 /* LaunchScreen.storyboard */; };
/* End PBXBuildFile section */

/* Begin PBXFileReference section */
		3916F49A2580B0DB00321003 /* iOSCarePlus.app */ = {isa = PBXFileReference; explicitFileType = wrapper.application; includeInIndex = 0; path = iOSCarePlus.app; sourceTree = BUILT_PRODUCTS_DIR; };
		3916F49D2580B0DB00321003 /* AppDelegate.swift */ = {isa = PBXFileReference; lastKnownFileType = sourcecode.swift; path = AppDelegate.swift; sourceTree = "<group>"; };
		3916F49F2580B0DB00321003 /* SceneDelegate.swift */ = {isa = PBXFileReference; lastKnownFileType = sourcecode.swift; path = SceneDelegate.swift; sourceTree = "<group>"; };
		3916F4A12580B0DB00321003 /* ViewController.swift */ = {isa = PBXFileReference; lastKnownFileType = sourcecode.swift; path = ViewController.swift; sourceTree = "<group>"; };
		3916F4A42580B0DB00321003 /* Base */ = {isa = PBXFileReference; lastKnownFileType = file.storyboard; name = Base; path = Base.lproj/Main.storyboard; sourceTree = "<group>"; };
		3916F4A62580B0DE00321003 /* Assets.xcassets */ = {isa = PBXFileReference; lastKnownFileType = folder.assetcatalog; path = Assets.xcassets; sourceTree = "<group>"; };
		3916F4A92580B0DE00321003 /* Base */ = {isa = PBXFileReference; lastKnownFileType = file.storyboard; name = Base; path = Base.lproj/LaunchScreen.storyboard; sourceTree = "<group>"; };
		3916F4AB2580B0DE00321003 /* Info.plist */ = {isa = PBXFileReference; lastKnownFileType = text.plist.xml; path = Info.plist; sourceTree = "<group>"; };
/* End PBXFileReference section */

/* Begin PBXFrameworksBuildPhase section */
		3916F4972580B0DB00321003 /* Frameworks */ = {
			isa = PBXFrameworksBuildPhase;
			buildActionMask = 2147483647;
			files = (
			);
			runOnlyForDeploymentPostprocessing = 0;
		};
/* End PBXFrameworksBuildPhase section */

/* Begin PBXGroup section */
		3916F4912580B0DB00321003 = {
			isa = PBXGroup;
			children = (
				3916F49C2580B0DB00321003 /* iOSCarePlus */,
				3916F49B2580B0DB00321003 /* Products */,
			);
			sourceTree = "<group>";
		};
		3916F49B2580B0DB00321003 /* Products */ = {
			isa = PBXGroup;
			children = (
				3916F49A2580B0DB00321003 /* iOSCarePlus.app */,
			);
			name = Products;
			sourceTree = "<group>";
		};
		3916F49C2580B0DB00321003 /* iOSCarePlus */ = {
			isa = PBXGroup;
			children = (
				3916F49D2580B0DB00321003 /* AppDelegate.swift */,
				3916F49F2580B0DB00321003 /* SceneDelegate.swift */,
				3916F4A12580B0DB00321003 /* ViewController.swift */,
				3916F4A32580B0DB00321003 /* Main.storyboard */,
				3916F4A62580B0DE00321003 /* Assets.xcassets */,
				3916F4A82580B0DE00321003 /* LaunchScreen.storyboard */,
				3916F4AB2580B0DE00321003 /* Info.plist */,
			);
			path = iOSCarePlus;
			sourceTree = "<group>";
		};
/* End PBXGroup section */

/* Begin PBXNativeTarget section */
		3916F4992580B0DB00321003 /* iOSCarePlus */ = {
			isa = PBXNativeTarget;
			buildConfigurationList = 3916F4AE2580B0DE00321003 /* Build configuration list for PBXNativeTarget "iOSCarePlus" */;
			buildPhases = (
				3916F4962580B0DB00321003 /* Sources */,
				3916F4972580B0DB00321003 /* Frameworks */,
				3916F4982580B0DB00321003 /* Resources */,
			);
			buildRules = (
			);
			dependencies = (
			);
			name = iOSCarePlus;
			productName = iOSCarePlus;
			productReference = 3916F49A2580B0DB00321003 /* iOSCarePlus.app */;
			productType = "com.apple.product-type.application";
		};
/* End PBXNativeTarget section */

/* Begin PBXProject section */
		3916F4922580B0DB00321003 /* Project object */ = {
			isa = PBXProject;
			attributes = {
				LastSwiftUpdateCheck = 1220;
				LastUpgradeCheck = 1220;
				TargetAttributes = {
					3916F4992580B0DB00321003 = {
						CreatedOnToolsVersion = 12.2;
					};
				};
			};
			buildConfigurationList = 3916F4952580B0DB00321003 /* Build configuration list for PBXProject "iOSCarePlus" */;
			compatibilityVersion = "Xcode 9.3";
			developmentRegion = en;
			hasScannedForEncodings = 0;
			knownRegions = (
				en,
				Base,
			);
			mainGroup = 3916F4912580B0DB00321003;
			productRefGroup = 3916F49B2580B0DB00321003 /* Products */;
			projectDirPath = "";
			projectRoot = "";
			targets = (
				3916F4992580B0DB00321003 /* iOSCarePlus */,
			);
		};
/* End PBXProject section */

/* Begin PBXResourcesBuildPhase section */
		3916F4982580B0DB00321003 /* Resources */ = {
			isa = PBXResourcesBuildPhase;
			buildActionMask = 2147483647;
			files = (
				3916F4AA2580B0DE00321003 /* LaunchScreen.storyboard in Resources */,
				3916F4A72580B0DE00321003 /* Assets.xcassets in Resources */,
				3916F4A52580B0DB00321003 /* Main.storyboard in Resources */,
			);
			runOnlyForDeploymentPostprocessing = 0;
		};
/* End PBXResourcesBuildPhase section */

/* Begin PBXSourcesBuildPhase section */
		3916F4962580B0DB00321003 /* Sources */ = {
			isa = PBXSourcesBuildPhase;
			buildActionMask = 2147483647;
			files = (
				3916F4A22580B0DB00321003 /* ViewController.swift in Sources */,
				3916F49E2580B0DB00321003 /* AppDelegate.swift in Sources */,
				3916F4A02580B0DB00321003 /* SceneDelegate.swift in Sources */,
			);
			runOnlyForDeploymentPostprocessing = 0;
		};
/* End PBXSourcesBuildPhase section */

/* Begin PBXVariantGroup section */
		3916F4A32580B0DB00321003 /* Main.storyboard */ = {
			isa = PBXVariantGroup;
			children = (
				3916F4A42580B0DB00321003 /* Base */,
			);
			name = Main.storyboard;
			sourceTree = "<group>";
		};
		3916F4A82580B0DE00321003 /* LaunchScreen.storyboard */ = {
			isa = PBXVariantGroup;
			children = (
				3916F4A92580B0DE00321003 /* Base */,
			);
			name = LaunchScreen.storyboard;
			sourceTree = "<group>";
		};
/* End PBXVariantGroup section */

/* Begin XCBuildConfiguration section */
		3916F4AC2580B0DE00321003 /* Debug */ = {
			isa = XCBuildConfiguration;
			buildSettings = {
				ALWAYS_SEARCH_USER_PATHS = NO;
				CLANG_ANALYZER_NONNULL = YES;
				CLANG_ANALYZER_NUMBER_OBJECT_CONVERSION = YES_AGGRESSIVE;
				CLANG_CXX_LANGUAGE_STANDARD = "gnu++14";
				CLANG_CXX_LIBRARY = "libc++";
				CLANG_ENABLE_MODULES = YES;
				CLANG_ENABLE_OBJC_ARC = YES;
				CLANG_ENABLE_OBJC_WEAK = YES;
				CLANG_WARN_BLOCK_CAPTURE_AUTORELEASING = YES;
				CLANG_WARN_BOOL_CONVERSION = YES;
				CLANG_WARN_COMMA = YES;
				CLANG_WARN_CONSTANT_CONVERSION = YES;
				CLANG_WARN_DEPRECATED_OBJC_IMPLEMENTATIONS = YES;
				CLANG_WARN_DIRECT_OBJC_ISA_USAGE = YES_ERROR;
				CLANG_WARN_DOCUMENTATION_COMMENTS = YES;
				CLANG_WARN_EMPTY_BODY = YES;
				CLANG_WARN_ENUM_CONVERSION = YES;
				CLANG_WARN_INFINITE_RECURSION = YES;
				CLANG_WARN_INT_CONVERSION = YES;
				CLANG_WARN_NON_LITERAL_NULL_CONVERSION = YES;
				CLANG_WARN_OBJC_IMPLICIT_RETAIN_SELF = YES;
				CLANG_WARN_OBJC_LITERAL_CONVERSION = YES;
				CLANG_WARN_OBJC_ROOT_CLASS = YES_ERROR;
				CLANG_WARN_QUOTED_INCLUDE_IN_FRAMEWORK_HEADER = YES;
				CLANG_WARN_RANGE_LOOP_ANALYSIS = YES;
				CLANG_WARN_STRICT_PROTOTYPES = YES;
				CLANG_WARN_SUSPICIOUS_MOVE = YES;
				CLANG_WARN_UNGUARDED_AVAILABILITY = YES_AGGRESSIVE;
				CLANG_WARN_UNREACHABLE_CODE = YES;
				CLANG_WARN__DUPLICATE_METHOD_MATCH = YES;
				COPY_PHASE_STRIP = NO;
				DEBUG_INFORMATION_FORMAT = dwarf;
				ENABLE_STRICT_OBJC_MSGSEND = YES;
				ENABLE_TESTABILITY = YES;
				GCC_C_LANGUAGE_STANDARD = gnu11;
				GCC_DYNAMIC_NO_PIC = NO;
				GCC_NO_COMMON_BLOCKS = YES;
				GCC_OPTIMIZATION_LEVEL = 0;
				GCC_PREPROCESSOR_DEFINITIONS = (
					"DEBUG=1",
					"$(inherited)",
				);
				GCC_WARN_64_TO_32_BIT_CONVERSION = YES;
				GCC_WARN_ABOUT_RETURN_TYPE = YES_ERROR;
				GCC_WARN_UNDECLARED_SELECTOR = YES;
				GCC_WARN_UNINITIALIZED_AUTOS = YES_AGGRESSIVE;
				GCC_WARN_UNUSED_FUNCTION = YES;
				GCC_WARN_UNUSED_VARIABLE = YES;
				IPHONEOS_DEPLOYMENT_TARGET = 14.2;
				MTL_ENABLE_DEBUG_INFO = INCLUDE_SOURCE;
				MTL_FAST_MATH = YES;
				ONLY_ACTIVE_ARCH = YES;
				SDKROOT = iphoneos;
				SWIFT_ACTIVE_COMPILATION_CONDITIONS = DEBUG;
				SWIFT_OPTIMIZATION_LEVEL = "-Onone";
			};
			name = Debug;
		};
		3916F4AD2580B0DE00321003 /* Release */ = {
			isa = XCBuildConfiguration;
			buildSettings = {
				ALWAYS_SEARCH_USER_PATHS = NO;
				CLANG_ANALYZER_NONNULL = YES;
				CLANG_ANALYZER_NUMBER_OBJECT_CONVERSION = YES_AGGRESSIVE;
				CLANG_CXX_LANGUAGE_STANDARD = "gnu++14";
				CLANG_CXX_LIBRARY = "libc++";
				CLANG_ENABLE_MODULES = YES;
				CLANG_ENABLE_OBJC_ARC = YES;
				CLANG_ENABLE_OBJC_WEAK = YES;
				CLANG_WARN_BLOCK_CAPTURE_AUTORELEASING = YES;
				CLANG_WARN_BOOL_CONVERSION = YES;
				CLANG_WARN_COMMA = YES;
				CLANG_WARN_CONSTANT_CONVERSION = YES;
				CLANG_WARN_DEPRECATED_OBJC_IMPLEMENTATIONS = YES;
				CLANG_WARN_DIRECT_OBJC_ISA_USAGE = YES_ERROR;
				CLANG_WARN_DOCUMENTATION_COMMENTS = YES;
				CLANG_WARN_EMPTY_BODY = YES;
				CLANG_WARN_ENUM_CONVERSION = YES;
				CLANG_WARN_INFINITE_RECURSION = YES;
				CLANG_WARN_INT_CONVERSION = YES;
				CLANG_WARN_NON_LITERAL_NULL_CONVERSION = YES;
				CLANG_WARN_OBJC_IMPLICIT_RETAIN_SELF = YES;
				CLANG_WARN_OBJC_LITERAL_CONVERSION = YES;
				CLANG_WARN_OBJC_ROOT_CLASS = YES_ERROR;
				CLANG_WARN_QUOTED_INCLUDE_IN_FRAMEWORK_HEADER = YES;
				CLANG_WARN_RANGE_LOOP_ANALYSIS = YES;
				CLANG_WARN_STRICT_PROTOTYPES = YES;
				CLANG_WARN_SUSPICIOUS_MOVE = YES;
				CLANG_WARN_UNGUARDED_AVAILABILITY = YES_AGGRESSIVE;
				CLANG_WARN_UNREACHABLE_CODE = YES;
				CLANG_WARN__DUPLICATE_METHOD_MATCH = YES;
				COPY_PHASE_STRIP = NO;
				DEBUG_INFORMATION_FORMAT = "dwarf-with-dsym";
				ENABLE_NS_ASSERTIONS = NO;
				ENABLE_STRICT_OBJC_MSGSEND = YES;
				GCC_C_LANGUAGE_STANDARD = gnu11;
				GCC_NO_COMMON_BLOCKS = YES;
				GCC_WARN_64_TO_32_BIT_CONVERSION = YES;
				GCC_WARN_ABOUT_RETURN_TYPE = YES_ERROR;
				GCC_WARN_UNDECLARED_SELECTOR = YES;
				GCC_WARN_UNINITIALIZED_AUTOS = YES_AGGRESSIVE;
				GCC_WARN_UNUSED_FUNCTION = YES;
				GCC_WARN_UNUSED_VARIABLE = YES;
				IPHONEOS_DEPLOYMENT_TARGET = 14.2;
				MTL_ENABLE_DEBUG_INFO = NO;
				MTL_FAST_MATH = YES;
				SDKROOT = iphoneos;
				SWIFT_COMPILATION_MODE = wholemodule;
				SWIFT_OPTIMIZATION_LEVEL = "-O";
				VALIDATE_PRODUCT = YES;
			};
			name = Release;
		};
		3916F4AF2580B0DE00321003 /* Debug */ = {
			isa = XCBuildConfiguration;
			buildSettings = {
				ASSETCATALOG_COMPILER_APPICON_NAME = AppIcon;
				ASSETCATALOG_COMPILER_GLOBAL_ACCENT_COLOR_NAME = AccentColor;
				CODE_SIGN_STYLE = Automatic;
				DEVELOPMENT_TEAM = 8BQHKQSA4Y;
				INFOPLIST_FILE = iOSCarePlus/Info.plist;
				LD_RUNPATH_SEARCH_PATHS = (
					"$(inherited)",
					"@executable_path/Frameworks",
				);
				PRODUCT_BUNDLE_IDENTIFIER = developer.o.o.wl.iOSCarePlus;
				PRODUCT_NAME = "$(TARGET_NAME)";
				SWIFT_VERSION = 5.0;
				TARGETED_DEVICE_FAMILY = "1,2";
			};
			name = Debug;
		};
		3916F4B02580B0DE00321003 /* Release */ = {
			isa = XCBuildConfiguration;
			buildSettings = {
				ASSETCATALOG_COMPILER_APPICON_NAME = AppIcon;
				ASSETCATALOG_COMPILER_GLOBAL_ACCENT_COLOR_NAME = AccentColor;
				CODE_SIGN_STYLE = Automatic;
				DEVELOPMENT_TEAM = 8BQHKQSA4Y;
				INFOPLIST_FILE = iOSCarePlus/Info.plist;
				LD_RUNPATH_SEARCH_PATHS = (
					"$(inherited)",
					"@executable_path/Frameworks",
				);
				PRODUCT_BUNDLE_IDENTIFIER = developer.o.o.wl.iOSCarePlus;
				PRODUCT_NAME = "$(TARGET_NAME)";
				SWIFT_VERSION = 5.0;
				TARGETED_DEVICE_FAMILY = "1,2";
			};
			name = Release;
		};
/* End XCBuildConfiguration section */

/* Begin XCConfigurationList section */
		3916F4952580B0DB00321003 /* Build configuration list for PBXProject "iOSCarePlus" */ = {
			isa = XCConfigurationList;
			buildConfigurations = (
				3916F4AC2580B0DE00321003 /* Debug */,
				3916F4AD2580B0DE00321003 /* Release */,
			);
			defaultConfigurationIsVisible = 0;
			defaultConfigurationName = Release;
		};
		3916F4AE2580B0DE00321003 /* Build configuration list for PBXNativeTarget "iOSCarePlus" */ = {
			isa = XCConfigurationList;
			buildConfigurations = (
				3916F4AF2580B0DE00321003 /* Debug */,
				3916F4B02580B0DE00321003 /* Release */,
			);
			defaultConfigurationIsVisible = 0;
			defaultConfigurationName = Release;
		};
/* End XCConfigurationList section */
	};
	rootObject = 3916F4922580B0DB00321003 /* Project object */;
}
